
Microsoft Visual Studio Solution File, Format Version 12.00
# Visual Studio Version 17
VisualStudioVersion = 17.11.35222.181
MinimumVisualStudioVersion = 10.0.40219.1
Project("{FAE04EC0-301F-11D3-BF4B-00C04F79EFBC}") = "FuelApp", "FuelApp.csproj", "{519D7F8E-D57E-4F14-A08F-448CC7934F15}"
EndProject
Global
	GlobalSection(SolutionConfigurationPlatforms) = preSolution
		Debug|Any CPU = Debug|Any CPU
		Release|Any CPU = Release|Any CPU
	EndGlobalSection
	GlobalSection(ProjectConfigurationPlatforms) = postSolution
		{519D7F8E-D57E-4F14-A08F-448CC7934F15}.Debug|Any CPU.ActiveCfg = Debug|Any CPU
		{519D7F8E-D57E-4F14-A08F-448CC7934F15}.Debug|Any CPU.Build.0 = Debug|Any CPU
		{519D7F8E-D57E-4F14-A08F-448CC7934F15}.Release|Any CPU.ActiveCfg = Release|Any CPU
		{519D7F8E-D57E-4F14-A08F-448CC7934F15}.Release|Any CPU.Build.0 = Release|Any CPU
	EndGlobalSection
	GlobalSection(SolutionProperties) = preSolution
		HideSolutionNode = FALSE
	EndGlobalSection
	GlobalSection(ExtensibilityGlobals) = postSolution
		SolutionGuid = {68B564E9-AB72-4D50-A328-B5345B6B5E40}
	EndGlobalSection
EndGlobal
